
Microsoft Visual Studio Solution File, Format Version 12.00
# Visual Studio Version 17
VisualStudioVersion = 17.3.32825.248
MinimumVisualStudioVersion = 10.0.40219.1
Project("{FAE04EC0-301F-11D3-BF4B-00C04F79EFBC}") = "PaintingCommission", "PaintingCommission.csproj", "{96D2F2BD-F62A-4D7E-9704-9AB9BD925FD4}"
EndProject
Global
	GlobalSection(SolutionConfigurationPlatforms) = preSolution
		Debug|Any CPU = Debug|Any CPU
		Release|Any CPU = Release|Any CPU
	EndGlobalSection
	GlobalSection(ProjectConfigurationPlatforms) = postSolution
		{96D2F2BD-F62A-4D7E-9704-9AB9BD925FD4}.Debug|Any CPU.ActiveCfg = Debug|Any CPU
		{96D2F2BD-F62A-4D7E-9704-9AB9BD925FD4}.Debug|Any CPU.Build.0 = Debug|Any CPU
		{96D2F2BD-F62A-4D7E-9704-9AB9BD925FD4}.Release|Any CPU.ActiveCfg = Release|Any CPU
		{96D2F2BD-F62A-4D7E-9704-9AB9BD925FD4}.Release|Any CPU.Build.0 = Release|Any CPU
	EndGlobalSection
	GlobalSection(SolutionProperties) = preSolution
		HideSolutionNode = FALSE
	EndGlobalSection
	GlobalSection(ExtensibilityGlobals) = postSolution
		SolutionGuid = {AF593767-748F-4EAD-A93C-89D6C27939BD}
	EndGlobalSection
EndGlobal
